{
  "meteor": {},
  "dependencies": {
    "basePackages": {
      "moment-timezone": {
        "version": "0.0.1.4"
      },
      "bootstrap-datepicker2": {}
    },
    "packages": {
      "moment-timezone": {
        "git": "https://github.com/acreeger/meteor-moment-timezone",
        "tag": "v0.0.1.4",
        "commit": "feb364efb1ec0cefb870d5981b2b836b45211455"
      },
      "bootstrap-datepicker2": {
        "git": "https://github.com/deepwell/meteor-bootstrap-datepicker.git",
        "tag": "v1.2.0",
        "commit": "b7de18a7cc651ea665cda75048663f90d1a11d10"
      },
      "moment": {
        "git": "https://github.com/acreeger/meteor-moment.git",
        "tag": "v2.8.1",
        "commit": "722ea63783d594341023836b7d418ab2567dab8c"
      }
    }
  }
}
