{
  "meteor": {},
  "dependencies": {
    "basePackages": {
      "moment-timezone": {}
    },
    "packages": {
      "moment-timezone": {
        "git": "https://github.com/acreeger/meteor-moment-timezone",
        "tag": "v0.0.1.2",
        "commit": "902cce183f0511b938f07101f56290016100abc8"
      },
      "moment-alternative": {
        "git": "https://github.com/acreeger/meteor-moment.git",
        "tag": "v2.1.0.2",
        "commit": "0053eb206d3da8d54f5015ec15d6ed16c0e5986f"
      }
    }
  }
}
